
Microsoft Visual Studio Solution File, Format Version 12.00
# Visual Studio Version 17
VisualStudioVersion = 17.11.35327.3
MinimumVisualStudioVersion = 10.0.40219.1
Project("{8BC9CEB8-8B4A-11D0-8D11-00A0C91BC942}") = "Laba_11_Nesterenko", "Laba_11_Nesterenko\Laba_11_Nesterenko.vcxproj", "{836DE757-A89C-48D6-B280-04BC4409B66B}"
EndProject
Global
	GlobalSection(SolutionConfigurationPlatforms) = preSolution
		Debug|x64 = Debug|x64
		Debug|x86 = Debug|x86
		Release|x64 = Release|x64
		Release|x86 = Release|x86
	EndGlobalSection
	GlobalSection(ProjectConfigurationPlatforms) = postSolution
		{836DE757-A89C-48D6-B280-04BC4409B66B}.Debug|x64.ActiveCfg = Debug|x64
		{836DE757-A89C-48D6-B280-04BC4409B66B}.Debug|x64.Build.0 = Debug|x64
		{836DE757-A89C-48D6-B280-04BC4409B66B}.Debug|x86.ActiveCfg = Debug|Win32
		{836DE757-A89C-48D6-B280-04BC4409B66B}.Debug|x86.Build.0 = Debug|Win32
		{836DE757-A89C-48D6-B280-04BC4409B66B}.Release|x64.ActiveCfg = Release|x64
		{836DE757-A89C-48D6-B280-04BC4409B66B}.Release|x64.Build.0 = Release|x64
		{836DE757-A89C-48D6-B280-04BC4409B66B}.Release|x86.ActiveCfg = Release|Win32
		{836DE757-A89C-48D6-B280-04BC4409B66B}.Release|x86.Build.0 = Release|Win32
	EndGlobalSection
	GlobalSection(SolutionProperties) = preSolution
		HideSolutionNode = FALSE
	EndGlobalSection
	GlobalSection(ExtensibilityGlobals) = postSolution
		SolutionGuid = {E077BB82-9D49-4BE8-86B0-D29EEAE4F50E}
	EndGlobalSection
EndGlobal
