
Microsoft Visual Studio Solution File, Format Version 12.00
# Visual Studio Version 17
VisualStudioVersion = 17.11.35327.3
MinimumVisualStudioVersion = 10.0.40219.1
Project("{8BC9CEB8-8B4A-11D0-8D11-00A0C91BC942}") = "Lr_9_Nesterenko", "Lr_9_Nesterenko\Lr_9_Nesterenko.vcxproj", "{7F974E40-8D5A-4EED-80A5-73C23ACBFDB5}"
EndProject
Global
	GlobalSection(SolutionConfigurationPlatforms) = preSolution
		Debug|x64 = Debug|x64
		Debug|x86 = Debug|x86
		Release|x64 = Release|x64
		Release|x86 = Release|x86
	EndGlobalSection
	GlobalSection(ProjectConfigurationPlatforms) = postSolution
		{7F974E40-8D5A-4EED-80A5-73C23ACBFDB5}.Debug|x64.ActiveCfg = Debug|x64
		{7F974E40-8D5A-4EED-80A5-73C23ACBFDB5}.Debug|x64.Build.0 = Debug|x64
		{7F974E40-8D5A-4EED-80A5-73C23ACBFDB5}.Debug|x86.ActiveCfg = Debug|Win32
		{7F974E40-8D5A-4EED-80A5-73C23ACBFDB5}.Debug|x86.Build.0 = Debug|Win32
		{7F974E40-8D5A-4EED-80A5-73C23ACBFDB5}.Release|x64.ActiveCfg = Release|x64
		{7F974E40-8D5A-4EED-80A5-73C23ACBFDB5}.Release|x64.Build.0 = Release|x64
		{7F974E40-8D5A-4EED-80A5-73C23ACBFDB5}.Release|x86.ActiveCfg = Release|Win32
		{7F974E40-8D5A-4EED-80A5-73C23ACBFDB5}.Release|x86.Build.0 = Release|Win32
	EndGlobalSection
	GlobalSection(SolutionProperties) = preSolution
		HideSolutionNode = FALSE
	EndGlobalSection
	GlobalSection(ExtensibilityGlobals) = postSolution
		SolutionGuid = {9921A24E-6871-462E-8115-FC4E5D2C4478}
	EndGlobalSection
EndGlobal
