
Microsoft Visual Studio Solution File, Format Version 12.00
# Visual Studio Version 17
VisualStudioVersion = 17.11.35327.3
MinimumVisualStudioVersion = 10.0.40219.1
Project("{8BC9CEB8-8B4A-11D0-8D11-00A0C91BC942}") = "Laba 16 (3)", "Laba 16 (3)\Laba 16 (3).vcxproj", "{E7EEE083-3421-4E85-B33C-ABE6EEE1DAE4}"
EndProject
Global
	GlobalSection(SolutionConfigurationPlatforms) = preSolution
		Debug|x64 = Debug|x64
		Debug|x86 = Debug|x86
		Release|x64 = Release|x64
		Release|x86 = Release|x86
	EndGlobalSection
	GlobalSection(ProjectConfigurationPlatforms) = postSolution
		{E7EEE083-3421-4E85-B33C-ABE6EEE1DAE4}.Debug|x64.ActiveCfg = Debug|x64
		{E7EEE083-3421-4E85-B33C-ABE6EEE1DAE4}.Debug|x64.Build.0 = Debug|x64
		{E7EEE083-3421-4E85-B33C-ABE6EEE1DAE4}.Debug|x86.ActiveCfg = Debug|Win32
		{E7EEE083-3421-4E85-B33C-ABE6EEE1DAE4}.Debug|x86.Build.0 = Debug|Win32
		{E7EEE083-3421-4E85-B33C-ABE6EEE1DAE4}.Release|x64.ActiveCfg = Release|x64
		{E7EEE083-3421-4E85-B33C-ABE6EEE1DAE4}.Release|x64.Build.0 = Release|x64
		{E7EEE083-3421-4E85-B33C-ABE6EEE1DAE4}.Release|x86.ActiveCfg = Release|Win32
		{E7EEE083-3421-4E85-B33C-ABE6EEE1DAE4}.Release|x86.Build.0 = Release|Win32
	EndGlobalSection
	GlobalSection(SolutionProperties) = preSolution
		HideSolutionNode = FALSE
	EndGlobalSection
	GlobalSection(ExtensibilityGlobals) = postSolution
		SolutionGuid = {AC3C18DE-6B8E-4745-AE1D-2C64E774F559}
	EndGlobalSection
EndGlobal
